// !$*UTF8*$!
{
	archiveVersion = 1;
	classes = {
	};
	objectVersion = 56;
	objects = {

/* Begin PBXBuildFile section */
		90D19EB02BB15C92008738FA /* gpl02 Watch App.app in Embed Watch Content */ = {isa = PBXBuildFile; fileRef = 90D19EAF2BB15C92008738FA /* gpl02 Watch App.app */; settings = {ATTRIBUTES = (RemoveHeadersOnCopy, ); }; };
		90D19EB52BB15C92008738FA /* gpl02App.swift in Sources */ = {isa = PBXBuildFile; fileRef = 90D19EB42BB15C92008738FA /* gpl02App.swift */; };
		90D19EB72BB15C92008738FA /* ContentView.swift in Sources */ = {isa = PBXBuildFile; fileRef = 90D19EB62BB15C92008738FA /* ContentView.swift */; };
		90D19EB92BB15CBF008738FA /* Assets.xcassets in Resources */ = {isa = PBXBuildFile; fileRef = 90D19EB82BB15CBF008738FA /* Assets.xcassets */; };
		90D19EBC2BB15CBF008738FA /* Preview Assets.xcassets in Resources */ = {isa = PBXBuildFile; fileRef = 90D19EBB2BB15CBF008738FA /* Preview Assets.xcassets */; };
/* End PBXBuildFile section */

/* Begin PBXContainerItemProxy section */
		90D19EB12BB15C92008738FA /* PBXContainerItemProxy */ = {
			isa = PBXContainerItemProxy;
			containerPortal = 90D19EA32BB15C7F008738FA /* Project object */;
			proxyType = 1;
			remoteGlobalIDString = 90D19EAE2BB15C92008738FA;
			remoteInfo = "gpl02 Watch App";
		};
/* End PBXContainerItemProxy section */

/* Begin PBXCopyFilesBuildPhase section */
		90D19EC22BB15CBF008738FA /* Embed Watch Content */ = {
			isa = PBXCopyFilesBuildPhase;
			buildActionMask = 2147483647;
			dstPath = "$(CONTENTS_FOLDER_PATH)/Watch";
			dstSubfolderSpec = 16;
			files = (
				90D19EB02BB15C92008738FA /* gpl02 Watch App.app in Embed Watch Content */,
			);
			name = "Embed Watch Content";
			runOnlyForDeploymentPostprocessing = 0;
		};
/* End PBXCopyFilesBuildPhase section */

/* Begin PBXFileReference section */
		90D19EA92BB15C92008738FA /* gpl02.app */ = {isa = PBXFileReference; explicitFileType = wrapper.application; includeInIndex = 0; path = gpl02.app; sourceTree = BUILT_PRODUCTS_DIR; };
		90D19EAF2BB15C92008738FA /* gpl02 Watch App.app */ = {isa = PBXFileReference; explicitFileType = wrapper.application; includeInIndex = 0; path = "gpl02 Watch App.app"; sourceTree = BUILT_PRODUCTS_DIR; };
		90D19EB42BB15C92008738FA /* gpl02App.swift */ = {isa = PBXFileReference; lastKnownFileType = sourcecode.swift; path = gpl02App.swift; sourceTree = "<group>"; };
		90D19EB62BB15C92008738FA /* ContentView.swift */ = {isa = PBXFileReference; lastKnownFileType = sourcecode.swift; path = ContentView.swift; sourceTree = "<group>"; };
		90D19EB82BB15CBF008738FA /* Assets.xcassets */ = {isa = PBXFileReference; lastKnownFileType = folder.assetcatalog; path = Assets.xcassets; sourceTree = "<group>"; };
		90D19EBB2BB15CBF008738FA /* Preview Assets.xcassets */ = {isa = PBXFileReference; lastKnownFileType = folder.assetcatalog; path = "Preview Assets.xcassets"; sourceTree = "<group>"; };
/* End PBXFileReference section */

/* Begin PBXFrameworksBuildPhase section */
		90D19EAC2BB15C92008738FA /* Frameworks */ = {
			isa = PBXFrameworksBuildPhase;
			buildActionMask = 2147483647;
			files = (
			);
			runOnlyForDeploymentPostprocessing = 0;
		};
/* End PBXFrameworksBuildPhase section */

/* Begin PBXGroup section */
		90D19EA22BB15C7F008738FA = {
			isa = PBXGroup;
			children = (
				90D19EB32BB15C92008738FA /* gpl02 Watch App */,
				90D19EAA2BB15C92008738FA /* Products */,
			);
			sourceTree = "<group>";
		};
		90D19EAA2BB15C92008738FA /* Products */ = {
			isa = PBXGroup;
			children = (
				90D19EA92BB15C92008738FA /* gpl02.app */,
				90D19EAF2BB15C92008738FA /* gpl02 Watch App.app */,
			);
			name = Products;
			sourceTree = "<group>";
		};
		90D19EB32BB15C92008738FA /* gpl02 Watch App */ = {
			isa = PBXGroup;
			children = (
				90D19EB42BB15C92008738FA /* gpl02App.swift */,
				90D19EB62BB15C92008738FA /* ContentView.swift */,
				90D19EB82BB15CBF008738FA /* Assets.xcassets */,
				90D19EBA2BB15CBF008738FA /* Preview Content */,
			);
			path = "gpl02 Watch App";
			sourceTree = "<group>";
		};
		90D19EBA2BB15CBF008738FA /* Preview Content */ = {
			isa = PBXGroup;
			children = (
				90D19EBB2BB15CBF008738FA /* Preview Assets.xcassets */,
			);
			path = "Preview Content";
			sourceTree = "<group>";
		};
/* End PBXGroup section */

/* Begin PBXNativeTarget section */
		90D19EA82BB15C92008738FA /* gpl02 */ = {
			isa = PBXNativeTarget;
			buildConfigurationList = 90D19EC32BB15CBF008738FA /* Build configuration list for PBXNativeTarget "gpl02" */;
			buildPhases = (
				90D19EA72BB15C92008738FA /* Resources */,
				90D19EC22BB15CBF008738FA /* Embed Watch Content */,
			);
			buildRules = (
			);
			dependencies = (
				90D19EB22BB15C92008738FA /* PBXTargetDependency */,
			);
			name = gpl02;
			productName = gpl02;
			productReference = 90D19EA92BB15C92008738FA /* gpl02.app */;
			productType = "com.apple.product-type.application.watchapp2-container";
		};
		90D19EAE2BB15C92008738FA /* gpl02 Watch App */ = {
			isa = PBXNativeTarget;
			buildConfigurationList = 90D19EBF2BB15CBF008738FA /* Build configuration list for PBXNativeTarget "gpl02 Watch App" */;
			buildPhases = (
				90D19EAB2BB15C92008738FA /* Sources */,
				90D19EAC2BB15C92008738FA /* Frameworks */,
				90D19EAD2BB15C92008738FA /* Resources */,
			);
			buildRules = (
			);
			dependencies = (
			);
			name = "gpl02 Watch App";
			productName = "gpl02 Watch App";
			productReference = 90D19EAF2BB15C92008738FA /* gpl02 Watch App.app */;
			productType = "com.apple.product-type.application";
		};
/* End PBXNativeTarget section */

/* Begin PBXProject section */
		90D19EA32BB15C7F008738FA /* Project object */ = {
			isa = PBXProject;
			attributes = {
				BuildIndependentTargetsInParallel = 1;
				LastSwiftUpdateCheck = 1530;
				LastUpgradeCheck = 1530;
				TargetAttributes = {
					90D19EA82BB15C92008738FA = {
						CreatedOnToolsVersion = 15.3;
					};
					90D19EAE2BB15C92008738FA = {
						CreatedOnToolsVersion = 15.3;
					};
				};
			};
			buildConfigurationList = 90D19EA62BB15C7F008738FA /* Build configuration list for PBXProject "gpl02" */;
			compatibilityVersion = "Xcode 14.0";
			developmentRegion = en;
			hasScannedForEncodings = 0;
			knownRegions = (
				en,
				Base,
			);
			mainGroup = 90D19EA22BB15C7F008738FA;
			productRefGroup = 90D19EAA2BB15C92008738FA /* Products */;
			projectDirPath = "";
			projectRoot = "";
			targets = (
				90D19EA82BB15C92008738FA /* gpl02 */,
				90D19EAE2BB15C92008738FA /* gpl02 Watch App */,
			);
		};
/* End PBXProject section */

/* Begin PBXResourcesBuildPhase section */
		90D19EA72BB15C92008738FA /* Resources */ = {
			isa = PBXResourcesBuildPhase;
			buildActionMask = 2147483647;
			files = (
			);
			runOnlyForDeploymentPostprocessing = 0;
		};
		90D19EAD2BB15C92008738FA /* Resources */ = {
			isa = PBXResourcesBuildPhase;
			buildActionMask = 2147483647;
			files = (
				90D19EBC2BB15CBF008738FA /* Preview Assets.xcassets in Resources */,
				90D19EB92BB15CBF008738FA /* Assets.xcassets in Resources */,
			);
			runOnlyForDeploymentPostprocessing = 0;
		};
/* End PBXResourcesBuildPhase section */

/* Begin PBXSourcesBuildPhase section */
		90D19EAB2BB15C92008738FA /* Sources */ = {
			isa = PBXSourcesBuildPhase;
			buildActionMask = 2147483647;
			files = (
				90D19EB72BB15C92008738FA /* ContentView.swift in Sources */,
				90D19EB52BB15C92008738FA /* gpl02App.swift in Sources */,
			);
			runOnlyForDeploymentPostprocessing = 0;
		};
/* End PBXSourcesBuildPhase section */

/* Begin PBXTargetDependency section */
		90D19EB22BB15C92008738FA /* PBXTargetDependency */ = {
			isa = PBXTargetDependency;
			target = 90D19EAE2BB15C92008738FA /* gpl02 Watch App */;
			targetProxy = 90D19EB12BB15C92008738FA /* PBXContainerItemProxy */;
		};
/* End PBXTargetDependency section */

/* Begin XCBuildConfiguration section */
		90D19EBD2BB15CBF008738FA /* Debug */ = {
			isa = XCBuildConfiguration;
			buildSettings = {
				ALWAYS_SEARCH_USER_PATHS = NO;
				ASSETCATALOG_COMPILER_GENERATE_SWIFT_ASSET_SYMBOL_EXTENSIONS = YES;
				CLANG_ANALYZER_NONNULL = YES;
				CLANG_ANALYZER_NUMBER_OBJECT_CONVERSION = YES_AGGRESSIVE;
				CLANG_CXX_LANGUAGE_STANDARD = "gnu++20";
				CLANG_ENABLE_MODULES = YES;
				CLANG_ENABLE_OBJC_ARC = YES;
				CLANG_ENABLE_OBJC_WEAK = YES;
				CLANG_WARN_BLOCK_CAPTURE_AUTORELEASING = YES;
				CLANG_WARN_BOOL_CONVERSION = YES;
				CLANG_WARN_COMMA = YES;
				CLANG_WARN_CONSTANT_CONVERSION = YES;
				CLANG_WARN_DEPRECATED_OBJC_IMPLEMENTATIONS = YES;
				CLANG_WARN_DIRECT_OBJC_ISA_USAGE = YES_ERROR;
				CLANG_WARN_DOCUMENTATION_COMMENTS = YES;
				CLANG_WARN_EMPTY_BODY = YES;
				CLANG_WARN_ENUM_CONVERSION = YES;
				CLANG_WARN_INFINITE_RECURSION = YES;
				CLANG_WARN_INT_CONVERSION = YES;
				CLANG_WARN_NON_LITERAL_NULL_CONVERSION = YES;
				CLANG_WARN_OBJC_IMPLICIT_RETAIN_SELF = YES;
				CLANG_WARN_OBJC_LITERAL_CONVERSION = YES;
				CLANG_WARN_OBJC_ROOT_CLASS = YES_ERROR;
				CLANG_WARN_QUOTED_INCLUDE_IN_FRAMEWORK_HEADER = YES;
				CLANG_WARN_RANGE_LOOP_ANALYSIS = YES;
				CLANG_WARN_STRICT_PROTOTYPES = YES;
				CLANG_WARN_SUSPICIOUS_MOVE = YES;
				CLANG_WARN_UNGUARDED_AVAILABILITY = YES_AGGRESSIVE;
				CLANG_WARN_UNREACHABLE_CODE = YES;
				CLANG_WARN__DUPLICATE_METHOD_MATCH = YES;
				COPY_PHASE_STRIP = NO;
				DEBUG_INFORMATION_FORMAT = dwarf;
				ENABLE_STRICT_OBJC_MSGSEND = YES;
				ENABLE_TESTABILITY = YES;
				ENABLE_USER_SCRIPT_SANDBOXING = YES;
				GCC_C_LANGUAGE_STANDARD = gnu17;
				GCC_DYNAMIC_NO_PIC = NO;
				GCC_NO_COMMON_BLOCKS = YES;
				GCC_OPTIMIZATION_LEVEL = 0;
				GCC_PREPROCESSOR_DEFINITIONS = (
					"DEBUG=1",
					"$(inherited)",
				);
				GCC_WARN_64_TO_32_BIT_CONVERSION = YES;
				GCC_WARN_ABOUT_RETURN_TYPE = YES_ERROR;
				GCC_WARN_UNDECLARED_SELECTOR = YES;
				GCC_WARN_UNINITIALIZED_AUTOS = YES_AGGRESSIVE;
				GCC_WARN_UNUSED_FUNCTION = YES;
				GCC_WARN_UNUSED_VARIABLE = YES;
				LOCALIZATION_PREFERS_STRING_CATALOGS = YES;
				MTL_ENABLE_DEBUG_INFO = INCLUDE_SOURCE;
				MTL_FAST_MATH = YES;
				ONLY_ACTIVE_ARCH = YES;
				SWIFT_ACTIVE_COMPILATION_CONDITIONS = "DEBUG $(inherited)";
				SWIFT_OPTIMIZATION_LEVEL = "-Onone";
			};
			name = Debug;
		};
		90D19EBE2BB15CBF008738FA /* Release */ = {
			isa = XCBuildConfiguration;
			buildSettings = {
				ALWAYS_SEARCH_USER_PATHS = NO;
				ASSETCATALOG_COMPILER_GENERATE_SWIFT_ASSET_SYMBOL_EXTENSIONS = YES;
				CLANG_ANALYZER_NONNULL = YES;
				CLANG_ANALYZER_NUMBER_OBJECT_CONVERSION = YES_AGGRESSIVE;
				CLANG_CXX_LANGUAGE_STANDARD = "gnu++20";
				CLANG_ENABLE_MODULES = YES;
				CLANG_ENABLE_OBJC_ARC = YES;
				CLANG_ENABLE_OBJC_WEAK = YES;
				CLANG_WARN_BLOCK_CAPTURE_AUTORELEASING = YES;
				CLANG_WARN_BOOL_CONVERSION = YES;
				CLANG_WARN_COMMA = YES;
				CLANG_WARN_CONSTANT_CONVERSION = YES;
				CLANG_WARN_DEPRECATED_OBJC_IMPLEMENTATIONS = YES;
				CLANG_WARN_DIRECT_OBJC_ISA_USAGE = YES_ERROR;
				CLANG_WARN_DOCUMENTATION_COMMENTS = YES;
				CLANG_WARN_EMPTY_BODY = YES;
				CLANG_WARN_ENUM_CONVERSION = YES;
				CLANG_WARN_INFINITE_RECURSION = YES;
				CLANG_WARN_INT_CONVERSION = YES;
				CLANG_WARN_NON_LITERAL_NULL_CONVERSION = YES;
				CLANG_WARN_OBJC_IMPLICIT_RETAIN_SELF = YES;
				CLANG_WARN_OBJC_LITERAL_CONVERSION = YES;
				CLANG_WARN_OBJC_ROOT_CLASS = YES_ERROR;
				CLANG_WARN_QUOTED_INCLUDE_IN_FRAMEWORK_HEADER = YES;
				CLANG_WARN_RANGE_LOOP_ANALYSIS = YES;
				CLANG_WARN_STRICT_PROTOTYPES = YES;
				CLANG_WARN_SUSPICIOUS_MOVE = YES;
				CLANG_WARN_UNGUARDED_AVAILABILITY = YES_AGGRESSIVE;
				CLANG_WARN_UNREACHABLE_CODE = YES;
				CLANG_WARN__DUPLICATE_METHOD_MATCH = YES;
				COPY_PHASE_STRIP = NO;
				DEBUG_INFORMATION_FORMAT = "dwarf-with-dsym";
				ENABLE_NS_ASSERTIONS = NO;
				ENABLE_STRICT_OBJC_MSGSEND = YES;
				ENABLE_USER_SCRIPT_SANDBOXING = YES;
				GCC_C_LANGUAGE_STANDARD = gnu17;
				GCC_NO_COMMON_BLOCKS = YES;
				GCC_WARN_64_TO_32_BIT_CONVERSION = YES;
				GCC_WARN_ABOUT_RETURN_TYPE = YES_ERROR;
				GCC_WARN_UNDECLARED_SELECTOR = YES;
				GCC_WARN_UNINITIALIZED_AUTOS = YES_AGGRESSIVE;
				GCC_WARN_UNUSED_FUNCTION = YES;
				GCC_WARN_UNUSED_VARIABLE = YES;
				LOCALIZATION_PREFERS_STRING_CATALOGS = YES;
				MTL_ENABLE_DEBUG_INFO = NO;
				MTL_FAST_MATH = YES;
				SWIFT_COMPILATION_MODE = wholemodule;
			};
			name = Release;
		};
		90D19EC02BB15CBF008738FA /* Debug */ = {
			isa = XCBuildConfiguration;
			buildSettings = {
				ASSETCATALOG_COMPILER_APPICON_NAME = AppIcon;
				ASSETCATALOG_COMPILER_GLOBAL_ACCENT_COLOR_NAME = AccentColor;
				CODE_SIGN_STYLE = Automatic;
				CURRENT_PROJECT_VERSION = 1;
				DEVELOPMENT_ASSET_PATHS = "\"gpl02 Watch App/Preview Content\"";
				DEVELOPMENT_TEAM = F99RD4C96S;
				ENABLE_PREVIEWS = YES;
				GENERATE_INFOPLIST_FILE = YES;
				INFOPLIST_KEY_CFBundleDisplayName = gpl02;
				INFOPLIST_KEY_UISupportedInterfaceOrientations = "UIInterfaceOrientationPortrait UIInterfaceOrientationPortraitUpsideDown";
				INFOPLIST_KEY_WKWatchOnly = YES;
				LD_RUNPATH_SEARCH_PATHS = (
					"$(inherited)",
					"@executable_path/Frameworks",
				);
				MARKETING_VERSION = 1.0;
				PRODUCT_BUNDLE_IDENTIFIER = com.yseko.gpl02.watchkitapp;
				PRODUCT_NAME = "$(TARGET_NAME)";
				SDKROOT = watchos;
				SKIP_INSTALL = YES;
				SWIFT_EMIT_LOC_STRINGS = YES;
				SWIFT_VERSION = 5.0;
				TARGETED_DEVICE_FAMILY = 4;
				WATCHOS_DEPLOYMENT_TARGET = 10.4;
			};
			name = Debug;
		};
		90D19EC12BB15CBF008738FA /* Release */ = {
			isa = XCBuildConfiguration;
			buildSettings = {
				ASSETCATALOG_COMPILER_APPICON_NAME = AppIcon;
				ASSETCATALOG_COMPILER_GLOBAL_ACCENT_COLOR_NAME = AccentColor;
				CODE_SIGN_STYLE = Automatic;
				CURRENT_PROJECT_VERSION = 1;
				DEVELOPMENT_ASSET_PATHS = "\"gpl02 Watch App/Preview Content\"";
				DEVELOPMENT_TEAM = F99RD4C96S;
				ENABLE_PREVIEWS = YES;
				GENERATE_INFOPLIST_FILE = YES;
				INFOPLIST_KEY_CFBundleDisplayName = gpl02;
				INFOPLIST_KEY_UISupportedInterfaceOrientations = "UIInterfaceOrientationPortrait UIInterfaceOrientationPortraitUpsideDown";
				INFOPLIST_KEY_WKWatchOnly = YES;
				LD_RUNPATH_SEARCH_PATHS = (
					"$(inherited)",
					"@executable_path/Frameworks",
				);
				MARKETING_VERSION = 1.0;
				PRODUCT_BUNDLE_IDENTIFIER = com.yseko.gpl02.watchkitapp;
				PRODUCT_NAME = "$(TARGET_NAME)";
				SDKROOT = watchos;
				SKIP_INSTALL = YES;
				SWIFT_EMIT_LOC_STRINGS = YES;
				SWIFT_VERSION = 5.0;
				TARGETED_DEVICE_FAMILY = 4;
				VALIDATE_PRODUCT = YES;
				WATCHOS_DEPLOYMENT_TARGET = 10.4;
			};
			name = Release;
		};
		90D19EC42BB15CBF008738FA /* Debug */ = {
			isa = XCBuildConfiguration;
			buildSettings = {
				ALWAYS_EMBED_SWIFT_STANDARD_LIBRARIES = YES;
				CODE_SIGN_STYLE = Automatic;
				CURRENT_PROJECT_VERSION = 1;
				DEVELOPMENT_TEAM = F99RD4C96S;
				INFOPLIST_KEY_CFBundleDisplayName = gpl02;
				MARKETING_VERSION = 1.0;
				PRODUCT_BUNDLE_IDENTIFIER = com.yseko.gpl02;
				PRODUCT_NAME = "$(TARGET_NAME)";
				SDKROOT = iphoneos;
				SWIFT_VERSION = 5.0;
			};
			name = Debug;
		};
		90D19EC52BB15CBF008738FA /* Release */ = {
			isa = XCBuildConfiguration;
			buildSettings = {
				ALWAYS_EMBED_SWIFT_STANDARD_LIBRARIES = YES;
				CODE_SIGN_STYLE = Automatic;
				CURRENT_PROJECT_VERSION = 1;
				DEVELOPMENT_TEAM = F99RD4C96S;
				INFOPLIST_KEY_CFBundleDisplayName = gpl02;
				MARKETING_VERSION = 1.0;
				PRODUCT_BUNDLE_IDENTIFIER = com.yseko.gpl02;
				PRODUCT_NAME = "$(TARGET_NAME)";
				SDKROOT = iphoneos;
				SWIFT_VERSION = 5.0;
				VALIDATE_PRODUCT = YES;
			};
			name = Release;
		};
/* End XCBuildConfiguration section */

/* Begin XCConfigurationList section */
		90D19EA62BB15C7F008738FA /* Build configuration list for PBXProject "gpl02" */ = {
			isa = XCConfigurationList;
			buildConfigurations = (
				90D19EBD2BB15CBF008738FA /* Debug */,
				90D19EBE2BB15CBF008738FA /* Release */,
			);
			defaultConfigurationIsVisible = 0;
			defaultConfigurationName = Release;
		};
		90D19EBF2BB15CBF008738FA /* Build configuration list for PBXNativeTarget "gpl02 Watch App" */ = {
			isa = XCConfigurationList;
			buildConfigurations = (
				90D19EC02BB15CBF008738FA /* Debug */,
				90D19EC12BB15CBF008738FA /* Release */,
			);
			defaultConfigurationIsVisible = 0;
			defaultConfigurationName = Release;
		};
		90D19EC32BB15CBF008738FA /* Build configuration list for PBXNativeTarget "gpl02" */ = {
			isa = XCConfigurationList;
			buildConfigurations = (
				90D19EC42BB15CBF008738FA /* Debug */,
				90D19EC52BB15CBF008738FA /* Release */,
			);
			defaultConfigurationIsVisible = 0;
			defaultConfigurationName = Release;
		};
/* End XCConfigurationList section */
	};
	rootObject = 90D19EA32BB15C7F008738FA /* Project object */;
}
